// !$*UTF8*$!
{
	archiveVersion = 1;
	classes = {
	};
	objectVersion = 56;
	objects = {

/* Begin PBXBuildFile section */
		4010937F2A998C0300654EB5 /* ViewModel.swift in Sources */ = {isa = PBXBuildFile; fileRef = 4010937E2A998C0300654EB5 /* ViewModel.swift */; };
		401093822A99945C00654EB5 /* Directory in Frameworks */ = {isa = PBXBuildFile; productRef = 401093812A99945C00654EB5 /* Directory */; };
		4016FD272A997F87004B74F4 /* DerivyApp.swift in Sources */ = {isa = PBXBuildFile; fileRef = 4016FD262A997F87004B74F4 /* DerivyApp.swift */; };
		4016FD292A997F87004B74F4 /* ContentView.swift in Sources */ = {isa = PBXBuildFile; fileRef = 4016FD282A997F87004B74F4 /* ContentView.swift */; };
		4016FD2B2A997F89004B74F4 /* Assets.xcassets in Resources */ = {isa = PBXBuildFile; fileRef = 4016FD2A2A997F89004B74F4 /* Assets.xcassets */; };
		4016FD2E2A997F89004B74F4 /* Preview Assets.xcassets in Resources */ = {isa = PBXBuildFile; fileRef = 4016FD2D2A997F89004B74F4 /* Preview Assets.xcassets */; };
		401CCCCF2A9A967A001F7955 /* Authentication in Frameworks */ = {isa = PBXBuildFile; productRef = 401CCCCE2A9A967A001F7955 /* Authentication */; };
/* End PBXBuildFile section */

/* Begin PBXFileReference section */
		4010937E2A998C0300654EB5 /* ViewModel.swift */ = {isa = PBXFileReference; lastKnownFileType = sourcecode.swift; path = ViewModel.swift; sourceTree = "<group>"; };
		401093802A998EC500654EB5 /* Directory */ = {isa = PBXFileReference; lastKnownFileType = wrapper; path = Directory; sourceTree = "<group>"; };
		4016FD232A997F87004B74F4 /* Derivy.app */ = {isa = PBXFileReference; explicitFileType = wrapper.application; includeInIndex = 0; path = Derivy.app; sourceTree = BUILT_PRODUCTS_DIR; };
		4016FD262A997F87004B74F4 /* DerivyApp.swift */ = {isa = PBXFileReference; lastKnownFileType = sourcecode.swift; path = DerivyApp.swift; sourceTree = "<group>"; };
		4016FD282A997F87004B74F4 /* ContentView.swift */ = {isa = PBXFileReference; lastKnownFileType = sourcecode.swift; path = ContentView.swift; sourceTree = "<group>"; };
		4016FD2A2A997F89004B74F4 /* Assets.xcassets */ = {isa = PBXFileReference; lastKnownFileType = folder.assetcatalog; path = Assets.xcassets; sourceTree = "<group>"; };
		4016FD2D2A997F89004B74F4 /* Preview Assets.xcassets */ = {isa = PBXFileReference; lastKnownFileType = folder.assetcatalog; path = "Preview Assets.xcassets"; sourceTree = "<group>"; };
		4016FD2F2A997F89004B74F4 /* Derivy.entitlements */ = {isa = PBXFileReference; lastKnownFileType = text.plist.entitlements; path = Derivy.entitlements; sourceTree = "<group>"; };
		40844F532A9A934C00D52E2F /* Authentication */ = {isa = PBXFileReference; lastKnownFileType = wrapper; path = Authentication; sourceTree = "<group>"; };
/* End PBXFileReference section */

/* Begin PBXFrameworksBuildPhase section */
		4016FD202A997F87004B74F4 /* Frameworks */ = {
			isa = PBXFrameworksBuildPhase;
			buildActionMask = 2147483647;
			files = (
				401CCCCF2A9A967A001F7955 /* Authentication in Frameworks */,
				401093822A99945C00654EB5 /* Directory in Frameworks */,
			);
			runOnlyForDeploymentPostprocessing = 0;
		};
/* End PBXFrameworksBuildPhase section */

/* Begin PBXGroup section */
		4010937B2A9983FB00654EB5 /* Frameworks */ = {
			isa = PBXGroup;
			children = (
			);
			name = Frameworks;
			sourceTree = "<group>";
		};
		4016FD1A2A997F87004B74F4 = {
			isa = PBXGroup;
			children = (
				40844F532A9A934C00D52E2F /* Authentication */,
				401093802A998EC500654EB5 /* Directory */,
				4016FD252A997F87004B74F4 /* Derivy */,
				4016FD242A997F87004B74F4 /* Products */,
				4010937B2A9983FB00654EB5 /* Frameworks */,
			);
			sourceTree = "<group>";
		};
		4016FD242A997F87004B74F4 /* Products */ = {
			isa = PBXGroup;
			children = (
				4016FD232A997F87004B74F4 /* Derivy.app */,
			);
			name = Products;
			sourceTree = "<group>";
		};
		4016FD252A997F87004B74F4 /* Derivy */ = {
			isa = PBXGroup;
			children = (
				4016FD262A997F87004B74F4 /* DerivyApp.swift */,
				4016FD282A997F87004B74F4 /* ContentView.swift */,
				4010937E2A998C0300654EB5 /* ViewModel.swift */,
				4016FD2A2A997F89004B74F4 /* Assets.xcassets */,
				4016FD2F2A997F89004B74F4 /* Derivy.entitlements */,
				4016FD2C2A997F89004B74F4 /* Preview Content */,
			);
			path = Derivy;
			sourceTree = "<group>";
		};
		4016FD2C2A997F89004B74F4 /* Preview Content */ = {
			isa = PBXGroup;
			children = (
				4016FD2D2A997F89004B74F4 /* Preview Assets.xcassets */,
			);
			path = "Preview Content";
			sourceTree = "<group>";
		};
/* End PBXGroup section */

/* Begin PBXNativeTarget section */
		4016FD222A997F87004B74F4 /* Derivy */ = {
			isa = PBXNativeTarget;
			buildConfigurationList = 4016FD322A997F89004B74F4 /* Build configuration list for PBXNativeTarget "Derivy" */;
			buildPhases = (
				4016FD1F2A997F87004B74F4 /* Sources */,
				4016FD202A997F87004B74F4 /* Frameworks */,
				4016FD212A997F87004B74F4 /* Resources */,
			);
			buildRules = (
			);
			dependencies = (
			);
			name = Derivy;
			packageProductDependencies = (
				401093812A99945C00654EB5 /* Directory */,
				401CCCCE2A9A967A001F7955 /* Authentication */,
			);
			productName = Derivy;
			productReference = 4016FD232A997F87004B74F4 /* Derivy.app */;
			productType = "com.apple.product-type.application";
		};
/* End PBXNativeTarget section */

/* Begin PBXProject section */
		4016FD1B2A997F87004B74F4 /* Project object */ = {
			isa = PBXProject;
			attributes = {
				BuildIndependentTargetsInParallel = 1;
				LastSwiftUpdateCheck = 1420;
				LastUpgradeCheck = 1420;
				TargetAttributes = {
					4016FD222A997F87004B74F4 = {
						CreatedOnToolsVersion = 14.2;
					};
				};
			};
			buildConfigurationList = 4016FD1E2A997F87004B74F4 /* Build configuration list for PBXProject "Derivy" */;
			compatibilityVersion = "Xcode 14.0";
			developmentRegion = en;
			hasScannedForEncodings = 0;
			knownRegions = (
				en,
				Base,
			);
			mainGroup = 4016FD1A2A997F87004B74F4;
			productRefGroup = 4016FD242A997F87004B74F4 /* Products */;
			projectDirPath = "";
			projectRoot = "";
			targets = (
				4016FD222A997F87004B74F4 /* Derivy */,
			);
		};
/* End PBXProject section */

/* Begin PBXResourcesBuildPhase section */
		4016FD212A997F87004B74F4 /* Resources */ = {
			isa = PBXResourcesBuildPhase;
			buildActionMask = 2147483647;
			files = (
				4016FD2E2A997F89004B74F4 /* Preview Assets.xcassets in Resources */,
				4016FD2B2A997F89004B74F4 /* Assets.xcassets in Resources */,
			);
			runOnlyForDeploymentPostprocessing = 0;
		};
/* End PBXResourcesBuildPhase section */

/* Begin PBXSourcesBuildPhase section */
		4016FD1F2A997F87004B74F4 /* Sources */ = {
			isa = PBXSourcesBuildPhase;
			buildActionMask = 2147483647;
			files = (
				4016FD292A997F87004B74F4 /* ContentView.swift in Sources */,
				4010937F2A998C0300654EB5 /* ViewModel.swift in Sources */,
				4016FD272A997F87004B74F4 /* DerivyApp.swift in Sources */,
			);
			runOnlyForDeploymentPostprocessing = 0;
		};
/* End PBXSourcesBuildPhase section */

/* Begin XCBuildConfiguration section */
		4016FD302A997F89004B74F4 /* Debug */ = {
			isa = XCBuildConfiguration;
			buildSettings = {
				ALWAYS_SEARCH_USER_PATHS = NO;
				CLANG_ANALYZER_NONNULL = YES;
				CLANG_ANALYZER_NUMBER_OBJECT_CONVERSION = YES_AGGRESSIVE;
				CLANG_CXX_LANGUAGE_STANDARD = "gnu++20";
				CLANG_ENABLE_MODULES = YES;
				CLANG_ENABLE_OBJC_ARC = YES;
				CLANG_ENABLE_OBJC_WEAK = YES;
				CLANG_WARN_BLOCK_CAPTURE_AUTORELEASING = YES;
				CLANG_WARN_BOOL_CONVERSION = YES;
				CLANG_WARN_COMMA = YES;
				CLANG_WARN_CONSTANT_CONVERSION = YES;
				CLANG_WARN_DEPRECATED_OBJC_IMPLEMENTATIONS = YES;
				CLANG_WARN_DIRECT_OBJC_ISA_USAGE = YES_ERROR;
				CLANG_WARN_DOCUMENTATION_COMMENTS = YES;
				CLANG_WARN_EMPTY_BODY = YES;
				CLANG_WARN_ENUM_CONVERSION = YES;
				CLANG_WARN_INFINITE_RECURSION = YES;
				CLANG_WARN_INT_CONVERSION = YES;
				CLANG_WARN_NON_LITERAL_NULL_CONVERSION = YES;
				CLANG_WARN_OBJC_IMPLICIT_RETAIN_SELF = YES;
				CLANG_WARN_OBJC_LITERAL_CONVERSION = YES;
				CLANG_WARN_OBJC_ROOT_CLASS = YES_ERROR;
				CLANG_WARN_QUOTED_INCLUDE_IN_FRAMEWORK_HEADER = YES;
				CLANG_WARN_RANGE_LOOP_ANALYSIS = YES;
				CLANG_WARN_STRICT_PROTOTYPES = YES;
				CLANG_WARN_SUSPICIOUS_MOVE = YES;
				CLANG_WARN_UNGUARDED_AVAILABILITY = YES_AGGRESSIVE;
				CLANG_WARN_UNREACHABLE_CODE = YES;
				CLANG_WARN__DUPLICATE_METHOD_MATCH = YES;
				COPY_PHASE_STRIP = NO;
				DEBUG_INFORMATION_FORMAT = dwarf;
				ENABLE_STRICT_OBJC_MSGSEND = YES;
				ENABLE_TESTABILITY = YES;
				GCC_C_LANGUAGE_STANDARD = gnu11;
				GCC_DYNAMIC_NO_PIC = NO;
				GCC_NO_COMMON_BLOCKS = YES;
				GCC_OPTIMIZATION_LEVEL = 0;
				GCC_PREPROCESSOR_DEFINITIONS = (
					"DEBUG=1",
					"$(inherited)",
				);
				GCC_WARN_64_TO_32_BIT_CONVERSION = YES;
				GCC_WARN_ABOUT_RETURN_TYPE = YES_ERROR;
				GCC_WARN_UNDECLARED_SELECTOR = YES;
				GCC_WARN_UNINITIALIZED_AUTOS = YES_AGGRESSIVE;
				GCC_WARN_UNUSED_FUNCTION = YES;
				GCC_WARN_UNUSED_VARIABLE = YES;
				MACOSX_DEPLOYMENT_TARGET = 13.1;
				MTL_ENABLE_DEBUG_INFO = INCLUDE_SOURCE;
				MTL_FAST_MATH = YES;
				ONLY_ACTIVE_ARCH = YES;
				SDKROOT = macosx;
				SWIFT_ACTIVE_COMPILATION_CONDITIONS = DEBUG;
				SWIFT_OPTIMIZATION_LEVEL = "-Onone";
			};
			name = Debug;
		};
		4016FD312A997F89004B74F4 /* Release */ = {
			isa = XCBuildConfiguration;
			buildSettings = {
				ALWAYS_SEARCH_USER_PATHS = NO;
				CLANG_ANALYZER_NONNULL = YES;
				CLANG_ANALYZER_NUMBER_OBJECT_CONVERSION = YES_AGGRESSIVE;
				CLANG_CXX_LANGUAGE_STANDARD = "gnu++20";
				CLANG_ENABLE_MODULES = YES;
				CLANG_ENABLE_OBJC_ARC = YES;
				CLANG_ENABLE_OBJC_WEAK = YES;
				CLANG_WARN_BLOCK_CAPTURE_AUTORELEASING = YES;
				CLANG_WARN_BOOL_CONVERSION = YES;
				CLANG_WARN_COMMA = YES;
				CLANG_WARN_CONSTANT_CONVERSION = YES;
				CLANG_WARN_DEPRECATED_OBJC_IMPLEMENTATIONS = YES;
				CLANG_WARN_DIRECT_OBJC_ISA_USAGE = YES_ERROR;
				CLANG_WARN_DOCUMENTATION_COMMENTS = YES;
				CLANG_WARN_EMPTY_BODY = YES;
				CLANG_WARN_ENUM_CONVERSION = YES;
				CLANG_WARN_INFINITE_RECURSION = YES;
				CLANG_WARN_INT_CONVERSION = YES;
				CLANG_WARN_NON_LITERAL_NULL_CONVERSION = YES;
				CLANG_WARN_OBJC_IMPLICIT_RETAIN_SELF = YES;
				CLANG_WARN_OBJC_LITERAL_CONVERSION = YES;
				CLANG_WARN_OBJC_ROOT_CLASS = YES_ERROR;
				CLANG_WARN_QUOTED_INCLUDE_IN_FRAMEWORK_HEADER = YES;
				CLANG_WARN_RANGE_LOOP_ANALYSIS = YES;
				CLANG_WARN_STRICT_PROTOTYPES = YES;
				CLANG_WARN_SUSPICIOUS_MOVE = YES;
				CLANG_WARN_UNGUARDED_AVAILABILITY = YES_AGGRESSIVE;
				CLANG_WARN_UNREACHABLE_CODE = YES;
				CLANG_WARN__DUPLICATE_METHOD_MATCH = YES;
				COPY_PHASE_STRIP = NO;
				DEBUG_INFORMATION_FORMAT = "dwarf-with-dsym";
				ENABLE_NS_ASSERTIONS = NO;
				ENABLE_STRICT_OBJC_MSGSEND = YES;
				GCC_C_LANGUAGE_STANDARD = gnu11;
				GCC_NO_COMMON_BLOCKS = YES;
				GCC_WARN_64_TO_32_BIT_CONVERSION = YES;
				GCC_WARN_ABOUT_RETURN_TYPE = YES_ERROR;
				GCC_WARN_UNDECLARED_SELECTOR = YES;
				GCC_WARN_UNINITIALIZED_AUTOS = YES_AGGRESSIVE;
				GCC_WARN_UNUSED_FUNCTION = YES;
				GCC_WARN_UNUSED_VARIABLE = YES;
				MACOSX_DEPLOYMENT_TARGET = 13.1;
				MTL_ENABLE_DEBUG_INFO = NO;
				MTL_FAST_MATH = YES;
				SDKROOT = macosx;
				SWIFT_COMPILATION_MODE = wholemodule;
				SWIFT_OPTIMIZATION_LEVEL = "-O";
			};
			name = Release;
		};
		4016FD332A997F89004B74F4 /* Debug */ = {
			isa = XCBuildConfiguration;
			buildSettings = {
				ASSETCATALOG_COMPILER_APPICON_NAME = AppIcon;
				ASSETCATALOG_COMPILER_GLOBAL_ACCENT_COLOR_NAME = AccentColor;
				CODE_SIGN_ENTITLEMENTS = Derivy/Derivy.entitlements;
				CODE_SIGN_STYLE = Automatic;
				COMBINE_HIDPI_IMAGES = YES;
				CURRENT_PROJECT_VERSION = 1;
				DEVELOPMENT_ASSET_PATHS = "\"Derivy/Preview Content\"";
				DEVELOPMENT_TEAM = 9342WVGPMD;
				ENABLE_HARDENED_RUNTIME = YES;
				ENABLE_PREVIEWS = YES;
				GENERATE_INFOPLIST_FILE = YES;
				INFOPLIST_KEY_LSUIElement = YES;
				INFOPLIST_KEY_NSHumanReadableCopyright = "";
				LD_RUNPATH_SEARCH_PATHS = (
					"$(inherited)",
					"@executable_path/../Frameworks",
				);
				MARKETING_VERSION = 1.0;
				PRODUCT_BUNDLE_IDENTIFIER = com.sheikhbayazid.Derivy;
				PRODUCT_NAME = "$(TARGET_NAME)";
				SWIFT_EMIT_LOC_STRINGS = YES;
				SWIFT_VERSION = 5.0;
			};
			name = Debug;
		};
		4016FD342A997F89004B74F4 /* Release */ = {
			isa = XCBuildConfiguration;
			buildSettings = {
				ASSETCATALOG_COMPILER_APPICON_NAME = AppIcon;
				ASSETCATALOG_COMPILER_GLOBAL_ACCENT_COLOR_NAME = AccentColor;
				CODE_SIGN_ENTITLEMENTS = Derivy/Derivy.entitlements;
				CODE_SIGN_STYLE = Automatic;
				COMBINE_HIDPI_IMAGES = YES;
				CURRENT_PROJECT_VERSION = 1;
				DEVELOPMENT_ASSET_PATHS = "\"Derivy/Preview Content\"";
				DEVELOPMENT_TEAM = 9342WVGPMD;
				ENABLE_HARDENED_RUNTIME = YES;
				ENABLE_PREVIEWS = YES;
				GENERATE_INFOPLIST_FILE = YES;
				INFOPLIST_KEY_LSUIElement = YES;
				INFOPLIST_KEY_NSHumanReadableCopyright = "";
				LD_RUNPATH_SEARCH_PATHS = (
					"$(inherited)",
					"@executable_path/../Frameworks",
				);
				MARKETING_VERSION = 1.0;
				PRODUCT_BUNDLE_IDENTIFIER = com.sheikhbayazid.Derivy;
				PRODUCT_NAME = "$(TARGET_NAME)";
				SWIFT_EMIT_LOC_STRINGS = YES;
				SWIFT_VERSION = 5.0;
			};
			name = Release;
		};
/* End XCBuildConfiguration section */

/* Begin XCConfigurationList section */
		4016FD1E2A997F87004B74F4 /* Build configuration list for PBXProject "Derivy" */ = {
			isa = XCConfigurationList;
			buildConfigurations = (
				4016FD302A997F89004B74F4 /* Debug */,
				4016FD312A997F89004B74F4 /* Release */,
			);
			defaultConfigurationIsVisible = 0;
			defaultConfigurationName = Release;
		};
		4016FD322A997F89004B74F4 /* Build configuration list for PBXNativeTarget "Derivy" */ = {
			isa = XCConfigurationList;
			buildConfigurations = (
				4016FD332A997F89004B74F4 /* Debug */,
				4016FD342A997F89004B74F4 /* Release */,
			);
			defaultConfigurationIsVisible = 0;
			defaultConfigurationName = Release;
		};
/* End XCConfigurationList section */

/* Begin XCSwiftPackageProductDependency section */
		401093812A99945C00654EB5 /* Directory */ = {
			isa = XCSwiftPackageProductDependency;
			productName = Directory;
		};
		401CCCCE2A9A967A001F7955 /* Authentication */ = {
			isa = XCSwiftPackageProductDependency;
			productName = Authentication;
		};
/* End XCSwiftPackageProductDependency section */
	};
	rootObject = 4016FD1B2A997F87004B74F4 /* Project object */;
}
